
Microsoft Visual Studio Solution File, Format Version 12.00
# Visual Studio Version 16
VisualStudioVersion = 16.0.29613.14
MinimumVisualStudioVersion = 10.0.40219.1
Project("{FAE04EC0-301F-11D3-BF4B-00C04F79EFBC}") = "Week9", "Week9\Week9.csproj", "{C87395CA-8B39-4D6D-B4A5-CA8CBB5B553A}"
EndProject
Global
	GlobalSection(SolutionConfigurationPlatforms) = preSolution
		Debug|Any CPU = Debug|Any CPU
		Release|Any CPU = Release|Any CPU
	EndGlobalSection
	GlobalSection(ProjectConfigurationPlatforms) = postSolution
		{C87395CA-8B39-4D6D-B4A5-CA8CBB5B553A}.Debug|Any CPU.ActiveCfg = Debug|Any CPU
		{C87395CA-8B39-4D6D-B4A5-CA8CBB5B553A}.Debug|Any CPU.Build.0 = Debug|Any CPU
		{C87395CA-8B39-4D6D-B4A5-CA8CBB5B553A}.Release|Any CPU.ActiveCfg = Release|Any CPU
		{C87395CA-8B39-4D6D-B4A5-CA8CBB5B553A}.Release|Any CPU.Build.0 = Release|Any CPU
	EndGlobalSection
	GlobalSection(SolutionProperties) = preSolution
		HideSolutionNode = FALSE
	EndGlobalSection
	GlobalSection(ExtensibilityGlobals) = postSolution
		SolutionGuid = {D5E31CA4-0930-42B9-BCC0-9587882818BE}
	EndGlobalSection
EndGlobal
